<?xml version="1.0" encoding="utf-8"?>
<Project ToolsVersion="4.0" xmlns="http://schemas.microsoft.com/developer/msbuild/2003">
  <ItemGroup>
    <ClCompile Include="..\Classes\AppDelegate.cpp">
      <Filter>src</Filter>
    </ClCompile>
    <ClCompile Include="..\Classes\CheckerboardCache.cpp">
      <Filter>src</Filter>
    </ClCompile>
    <ClCompile Include="..\Classes\CheckerboardLayer.cpp">
      <Filter>src</Filter>
    </ClCompile>
    <ClCompile Include="..\Classes\Element.cpp">
      <Filter>src</Filter>
    </ClCompile>
    <ClCompile Include="..\Classes\GameLogic.cpp">
      <Filter>src</Filter>
    </ClCompile>
    <ClCompile Include="..\Classes\GameScene.cpp">
      <Filter>src</Filter>
    </ClCompile>
    <ClCompile Include="..\Classes\Singleton.cpp">
      <Filter>src</Filter>
    </ClCompile>
    <ClCompile Include="..\Classes\VisibleRect.cpp">
      <Filter>src</Filter>
    </ClCompile>
    <ClCompile Include="main.cpp" />
    <ClCompile Include="..\Classes\AStar\AStar.cpp">
      <Filter>src\AStar</Filter>
    </ClCompile>
    <ClCompile Include="..\Classes\AStar\BlockAllocator.cpp">
      <Filter>src\AStar</Filter>
    </ClCompile>
  </ItemGroup>
  <ItemGroup>
    <ClInclude Include="..\Classes\AppDelegate.h">
      <Filter>src</Filter>
    </ClInclude>
    <ClInclude Include="..\Classes\CheckerboardCache.h">
      <Filter>src</Filter>
    </ClInclude>
    <ClInclude Include="..\Classes\CheckerboardLayer.h">
      <Filter>src</Filter>
    </ClInclude>
    <ClInclude Include="..\Classes\Element.h">
      <Filter>src</Filter>
    </ClInclude>
    <ClInclude Include="..\Classes\GameLogic.h">
      <Filter>src</Filter>
    </ClInclude>
    <ClInclude Include="..\Classes\GameScene.h">
      <Filter>src</Filter>
    </ClInclude>
    <ClInclude Include="..\Classes\Singleton.h">
      <Filter>src</Filter>
    </ClInclude>
    <ClInclude Include="..\Classes\VisibleRect.h">
      <Filter>src</Filter>
    </ClInclude>
    <ClInclude Include="main.h" />
    <ClInclude Include="..\Classes\AStar\AStar.h">
      <Filter>src\AStar</Filter>
    </ClInclude>
    <ClInclude Include="..\Classes\AStar\BlockAllocator.h">
      <Filter>src\AStar</Filter>
    </ClInclude>
  </ItemGroup>
  <ItemGroup>
    <ResourceCompile Include="game.rc" />
  </ItemGroup>
  <ItemGroup>
    <Filter Include="src">
      <UniqueIdentifier>{42f148e5-e053-44a7-a8dc-a69bc024b733}</UniqueIdentifier>
    </Filter>
    <Filter Include="src\AStar">
      <UniqueIdentifier>{899d8c5d-0cba-4909-bb53-0e11931ced96}</UniqueIdentifier>
    </Filter>
  </ItemGroup>
</Project>